# This file is autogenerated, do not edit; changes may be undone by the next 'dep ensure'.


[[projects]]
  branch = "master"
  digest = "1:0437baf2f2a60f33240dab63735cd291897e23d5033580ac470c56fd029ad215"
  name = "github.com/couchbaselabs/ghistogram"
  packages = ["."]
  pruneopts = "UT"
  revision = "b7f3fee8c01e506390825f33c9fdf108cdcc24b1"

[[projects]]
  digest = "1:ffe9824d294da03b391f44e1ae8281281b4afc1bdaa9588c9097785e3af10cec"
  name = "github.com/davecgh/go-spew"
  packages = ["spew"]
  pruneopts = "UT"
  revision = "8991bc29aa16c548c550c7ff78260e27b9ab7c73"
  version = "v1.1.1"

[[projects]]
  branch = "master"
  digest = "1:0ecf1036b34502ca292bce813e868a23cc575481af0245a61a4aeaf82af96c01"
  name = "github.com/joomcode/errorx"
  packages = ["."]
  pruneopts = "UT"
  revision = "1a6ff49934fae6e953bc482583e26edc429f95fa"

[[projects]]
  digest = "1:0028cb19b2e4c3112225cd871870f2d9cf49b9b4276531f03438a88e94be86fe"
  name = "github.com/pmezard/go-difflib"
  packages = ["difflib"]
  pruneopts = "UT"
  revision = "792786c7400a136282c1664665ae0a8db921c6c2"
  version = "v1.0.0"

[[projects]]
  digest = "1:5110e3d4f130772fd39e6ce8208ad1955b242ccfcc8ad9d158857250579c82f4"
  name = "github.com/stretchr/testify"
  packages = [
    "assert",
    "require",
    "suite",
  ]
  pruneopts = "UT"
  revision = "f35b8ab0b5a2cef36673838d662e249dd9c94686"
  version = "v1.2.2"

[[projects]]
  branch = "master"
  digest = "1:76ee51c3f468493aff39dbacc401e8831fbb765104cbf613b89bef01cf4bad70"
  name = "golang.org/x/net"
  packages = ["context"]
  pruneopts = "UT"
  revision = "f3200d17e092c607f615320ecaad13d87ad9a2b3"

[solve-meta]
  analyzer-name = "dep"
  analyzer-version = 1
  input-imports = [
    "github.com/couchbaselabs/ghistogram",
    "github.com/davecgh/go-spew/spew",
    "github.com/joomcode/errorx",
    "github.com/pmezard/go-difflib/difflib",
    "github.com/stretchr/testify/assert",
    "github.com/stretchr/testify/require",
    "github.com/stretchr/testify/suite",
    "golang.org/x/net/context",
  ]
  solver-name = "gps-cdcl"
  solver-version = 1
